
Microsoft Visual Studio Solution File, Format Version 10.00
# Visual Studio 2008
Project("{FAE04EC0-301F-11D3-BF4B-00C04F79EFBC}") = "EnrollmentExcelTool", "EnrollmentExcelTool\EnrollmentExcelTool.csproj", "{5BE60711-D5EC-454B-AA25-1DC7CB5F4A0C}"
EndProject
Global
	GlobalSection(TeamFoundationVersionControl) = preSolution
		SccNumberOfProjects = 2
		SccEnterpriseProvider = {4CA58AB2-18FA-4F8D-95D4-32DDF27D184C}
		SccTeamFoundationServer = http://tfs.campsystems.com:8080/tfs/SharedCollection
		SccLocalPath0 = .
		SccProjectUniqueName1 = EnrollmentExcelTool\\EnrollmentExcelTool.csproj
		SccProjectName1 = EnrollmentExcelTool
		SccLocalPath1 = EnrollmentExcelTool
	EndGlobalSection
	GlobalSection(SolutionConfigurationPlatforms) = preSolution
		Debug|Any CPU = Debug|Any CPU
		Release|Any CPU = Release|Any CPU
	EndGlobalSection
	GlobalSection(ProjectConfigurationPlatforms) = postSolution
		{5BE60711-D5EC-454B-AA25-1DC7CB5F4A0C}.Debug|Any CPU.ActiveCfg = Debug|Any CPU
		{5BE60711-D5EC-454B-AA25-1DC7CB5F4A0C}.Debug|Any CPU.Build.0 = Debug|Any CPU
		{5BE60711-D5EC-454B-AA25-1DC7CB5F4A0C}.Release|Any CPU.ActiveCfg = Release|Any CPU
		{5BE60711-D5EC-454B-AA25-1DC7CB5F4A0C}.Release|Any CPU.Build.0 = Release|Any CPU
	EndGlobalSection
	GlobalSection(SolutionProperties) = preSolution
		HideSolutionNode = FALSE
	EndGlobalSection
EndGlobal
